
Microsoft Visual Studio Solution File, Format Version 12.00
# Visual Studio Version 17
VisualStudioVersion = 17.8.34322.80
MinimumVisualStudioVersion = 10.0.40219.1
Project("{F184B08F-C81C-45F6-A57F-5ABD9991F28F}") = "8. Pythagoras theory", "8. Pythagoras theory.vbproj", "{E1126047-5B22-4BAA-928B-B23514F4FB4B}"
EndProject
Global
	GlobalSection(SolutionConfigurationPlatforms) = preSolution
		Debug|Any CPU = Debug|Any CPU
		Release|Any CPU = Release|Any CPU
	EndGlobalSection
	GlobalSection(ProjectConfigurationPlatforms) = postSolution
		{E1126047-5B22-4BAA-928B-B23514F4FB4B}.Debug|Any CPU.ActiveCfg = Debug|Any CPU
		{E1126047-5B22-4BAA-928B-B23514F4FB4B}.Debug|Any CPU.Build.0 = Debug|Any CPU
		{E1126047-5B22-4BAA-928B-B23514F4FB4B}.Release|Any CPU.ActiveCfg = Release|Any CPU
		{E1126047-5B22-4BAA-928B-B23514F4FB4B}.Release|Any CPU.Build.0 = Release|Any CPU
	EndGlobalSection
	GlobalSection(SolutionProperties) = preSolution
		HideSolutionNode = FALSE
	EndGlobalSection
	GlobalSection(ExtensibilityGlobals) = postSolution
		SolutionGuid = {3E254646-E819-476A-BBDA-E2DB81BADD02}
	EndGlobalSection
EndGlobal
